
Microsoft Visual Studio Solution File, Format Version 12.00
# Visual Studio 15
VisualStudioVersion = 15.0.27428.2037
MinimumVisualStudioVersion = 10.0.40219.1
Project("{FAE04EC0-301F-11D3-BF4B-00C04F79EFBC}") = "MVC_33_Ajax_Giris", "MVC_33_Ajax_Giris\MVC_33_Ajax_Giris.csproj", "{2E2AE854-5280-444E-86E5-933AF1148BF7}"
EndProject
Global
	GlobalSection(SolutionConfigurationPlatforms) = preSolution
		Debug|Any CPU = Debug|Any CPU
		Release|Any CPU = Release|Any CPU
	EndGlobalSection
	GlobalSection(ProjectConfigurationPlatforms) = postSolution
		{2E2AE854-5280-444E-86E5-933AF1148BF7}.Debug|Any CPU.ActiveCfg = Debug|Any CPU
		{2E2AE854-5280-444E-86E5-933AF1148BF7}.Debug|Any CPU.Build.0 = Debug|Any CPU
		{2E2AE854-5280-444E-86E5-933AF1148BF7}.Release|Any CPU.ActiveCfg = Release|Any CPU
		{2E2AE854-5280-444E-86E5-933AF1148BF7}.Release|Any CPU.Build.0 = Release|Any CPU
	EndGlobalSection
	GlobalSection(SolutionProperties) = preSolution
		HideSolutionNode = FALSE
	EndGlobalSection
	GlobalSection(ExtensibilityGlobals) = postSolution
		SolutionGuid = {F63850FF-812E-42ED-AACF-D6EDA7EE0203}
	EndGlobalSection
EndGlobal
